// !$*UTF8*$!
{
	archiveVersion = 1;
	classes = {
	};
	objectVersion = 56;
	objects = {

/* Begin PBXBuildFile section */
		9F30093229D85A1A00C5806B /* FructusApp.swift in Sources */ = {isa = PBXBuildFile; fileRef = 9F30093129D85A1A00C5806B /* FructusApp.swift */; };
		9F30093429D85A1A00C5806B /* ContentView.swift in Sources */ = {isa = PBXBuildFile; fileRef = 9F30093329D85A1A00C5806B /* ContentView.swift */; };
		9F30093629D85A1B00C5806B /* Assets.xcassets in Resources */ = {isa = PBXBuildFile; fileRef = 9F30093529D85A1B00C5806B /* Assets.xcassets */; };
		9F30093929D85A1B00C5806B /* Preview Assets.xcassets in Resources */ = {isa = PBXBuildFile; fileRef = 9F30093829D85A1B00C5806B /* Preview Assets.xcassets */; };
		9F30094229D861BD00C5806B /* FruitCardView.swift in Sources */ = {isa = PBXBuildFile; fileRef = 9F30094129D861BD00C5806B /* FruitCardView.swift */; };
		9F30094429D8671400C5806B /* StartButtonView.swift in Sources */ = {isa = PBXBuildFile; fileRef = 9F30094329D8671400C5806B /* StartButtonView.swift */; };
		9F30094629D8699300C5806B /* OnBoardingView.swift in Sources */ = {isa = PBXBuildFile; fileRef = 9F30094529D8699300C5806B /* OnBoardingView.swift */; };
		9F30094929D8A22F00C5806B /* FruitsModel.swift in Sources */ = {isa = PBXBuildFile; fileRef = 9F30094829D8A22F00C5806B /* FruitsModel.swift */; };
		9F30094C29D8A2F900C5806B /* FruitData.swift in Sources */ = {isa = PBXBuildFile; fileRef = 9F30094B29D8A2F900C5806B /* FruitData.swift */; };
		9F97C27C29D8CFFA003DBBE8 /* FruitRowView.swift in Sources */ = {isa = PBXBuildFile; fileRef = 9F97C27B29D8CFFA003DBBE8 /* FruitRowView.swift */; };
		9F97C27E29D91A88003DBBE8 /* FruitDetailView.swift in Sources */ = {isa = PBXBuildFile; fileRef = 9F97C27D29D91A88003DBBE8 /* FruitDetailView.swift */; };
		9F97C28029D9F06F003DBBE8 /* FruitHeaderView.swift in Sources */ = {isa = PBXBuildFile; fileRef = 9F97C27F29D9F06F003DBBE8 /* FruitHeaderView.swift */; };
		9F97C28229D9F28D003DBBE8 /* SourceLinkView.swift in Sources */ = {isa = PBXBuildFile; fileRef = 9F97C28129D9F28D003DBBE8 /* SourceLinkView.swift */; };
		9F97C28429D9F458003DBBE8 /* FruitNutrientsView.swift in Sources */ = {isa = PBXBuildFile; fileRef = 9F97C28329D9F458003DBBE8 /* FruitNutrientsView.swift */; };
		9F97C28629D9F915003DBBE8 /* SettingsView.swift in Sources */ = {isa = PBXBuildFile; fileRef = 9F97C28529D9F915003DBBE8 /* SettingsView.swift */; };
		9F97C28829D9FD40003DBBE8 /* SettingsLabelView.swift in Sources */ = {isa = PBXBuildFile; fileRef = 9F97C28729D9FD40003DBBE8 /* SettingsLabelView.swift */; };
/* End PBXBuildFile section */

/* Begin PBXFileReference section */
		9F30092E29D85A1A00C5806B /* Fructus.app */ = {isa = PBXFileReference; explicitFileType = wrapper.application; includeInIndex = 0; path = Fructus.app; sourceTree = BUILT_PRODUCTS_DIR; };
		9F30093129D85A1A00C5806B /* FructusApp.swift */ = {isa = PBXFileReference; lastKnownFileType = sourcecode.swift; path = FructusApp.swift; sourceTree = "<group>"; };
		9F30093329D85A1A00C5806B /* ContentView.swift */ = {isa = PBXFileReference; lastKnownFileType = sourcecode.swift; path = ContentView.swift; sourceTree = "<group>"; };
		9F30093529D85A1B00C5806B /* Assets.xcassets */ = {isa = PBXFileReference; lastKnownFileType = folder.assetcatalog; path = Assets.xcassets; sourceTree = "<group>"; };
		9F30093829D85A1B00C5806B /* Preview Assets.xcassets */ = {isa = PBXFileReference; lastKnownFileType = folder.assetcatalog; path = "Preview Assets.xcassets"; sourceTree = "<group>"; };
		9F30094129D861BD00C5806B /* FruitCardView.swift */ = {isa = PBXFileReference; lastKnownFileType = sourcecode.swift; path = FruitCardView.swift; sourceTree = "<group>"; };
		9F30094329D8671400C5806B /* StartButtonView.swift */ = {isa = PBXFileReference; lastKnownFileType = sourcecode.swift; path = StartButtonView.swift; sourceTree = "<group>"; };
		9F30094529D8699300C5806B /* OnBoardingView.swift */ = {isa = PBXFileReference; lastKnownFileType = sourcecode.swift; path = OnBoardingView.swift; sourceTree = "<group>"; };
		9F30094829D8A22F00C5806B /* FruitsModel.swift */ = {isa = PBXFileReference; lastKnownFileType = sourcecode.swift; path = FruitsModel.swift; sourceTree = "<group>"; };
		9F30094B29D8A2F900C5806B /* FruitData.swift */ = {isa = PBXFileReference; lastKnownFileType = sourcecode.swift; path = FruitData.swift; sourceTree = "<group>"; };
		9F97C27B29D8CFFA003DBBE8 /* FruitRowView.swift */ = {isa = PBXFileReference; lastKnownFileType = sourcecode.swift; path = FruitRowView.swift; sourceTree = "<group>"; };
		9F97C27D29D91A88003DBBE8 /* FruitDetailView.swift */ = {isa = PBXFileReference; lastKnownFileType = sourcecode.swift; path = FruitDetailView.swift; sourceTree = "<group>"; };
		9F97C27F29D9F06F003DBBE8 /* FruitHeaderView.swift */ = {isa = PBXFileReference; lastKnownFileType = sourcecode.swift; path = FruitHeaderView.swift; sourceTree = "<group>"; };
		9F97C28129D9F28D003DBBE8 /* SourceLinkView.swift */ = {isa = PBXFileReference; lastKnownFileType = sourcecode.swift; path = SourceLinkView.swift; sourceTree = "<group>"; };
		9F97C28329D9F458003DBBE8 /* FruitNutrientsView.swift */ = {isa = PBXFileReference; lastKnownFileType = sourcecode.swift; path = FruitNutrientsView.swift; sourceTree = "<group>"; };
		9F97C28529D9F915003DBBE8 /* SettingsView.swift */ = {isa = PBXFileReference; lastKnownFileType = sourcecode.swift; path = SettingsView.swift; sourceTree = "<group>"; };
		9F97C28729D9FD40003DBBE8 /* SettingsLabelView.swift */ = {isa = PBXFileReference; lastKnownFileType = sourcecode.swift; path = SettingsLabelView.swift; sourceTree = "<group>"; };
/* End PBXFileReference section */

/* Begin PBXFrameworksBuildPhase section */
		9F30092B29D85A1A00C5806B /* Frameworks */ = {
			isa = PBXFrameworksBuildPhase;
			buildActionMask = 2147483647;
			files = (
			);
			runOnlyForDeploymentPostprocessing = 0;
		};
/* End PBXFrameworksBuildPhase section */

/* Begin PBXGroup section */
		9F30092529D85A1A00C5806B = {
			isa = PBXGroup;
			children = (
				9F30093029D85A1A00C5806B /* Fructus */,
				9F30092F29D85A1A00C5806B /* Products */,
			);
			sourceTree = "<group>";
		};
		9F30092F29D85A1A00C5806B /* Products */ = {
			isa = PBXGroup;
			children = (
				9F30092E29D85A1A00C5806B /* Fructus.app */,
			);
			name = Products;
			sourceTree = "<group>";
		};
		9F30093029D85A1A00C5806B /* Fructus */ = {
			isa = PBXGroup;
			children = (
				9F30094A29D8A2E600C5806B /* Data */,
				9F30094729D8A21F00C5806B /* Model */,
				9F30094029D8619900C5806B /* View */,
				9F30093F29D8617200C5806B /* App */,
				9F30093529D85A1B00C5806B /* Assets.xcassets */,
				9F30093729D85A1B00C5806B /* Preview Content */,
			);
			path = Fructus;
			sourceTree = "<group>";
		};
		9F30093729D85A1B00C5806B /* Preview Content */ = {
			isa = PBXGroup;
			children = (
				9F30093829D85A1B00C5806B /* Preview Assets.xcassets */,
			);
			path = "Preview Content";
			sourceTree = "<group>";
		};
		9F30093F29D8617200C5806B /* App */ = {
			isa = PBXGroup;
			children = (
				9F30093129D85A1A00C5806B /* FructusApp.swift */,
				9F30093329D85A1A00C5806B /* ContentView.swift */,
				9F30094529D8699300C5806B /* OnBoardingView.swift */,
				9F97C27D29D91A88003DBBE8 /* FruitDetailView.swift */,
				9F97C28529D9F915003DBBE8 /* SettingsView.swift */,
			);
			path = App;
			sourceTree = "<group>";
		};
		9F30094029D8619900C5806B /* View */ = {
			isa = PBXGroup;
			children = (
				9F30094129D861BD00C5806B /* FruitCardView.swift */,
				9F30094329D8671400C5806B /* StartButtonView.swift */,
				9F97C27B29D8CFFA003DBBE8 /* FruitRowView.swift */,
				9F97C27F29D9F06F003DBBE8 /* FruitHeaderView.swift */,
				9F97C28129D9F28D003DBBE8 /* SourceLinkView.swift */,
				9F97C28329D9F458003DBBE8 /* FruitNutrientsView.swift */,
				9F97C28729D9FD40003DBBE8 /* SettingsLabelView.swift */,
			);
			name = View;
			sourceTree = "<group>";
		};
		9F30094729D8A21F00C5806B /* Model */ = {
			isa = PBXGroup;
			children = (
				9F30094829D8A22F00C5806B /* FruitsModel.swift */,
			);
			path = Model;
			sourceTree = "<group>";
		};
		9F30094A29D8A2E600C5806B /* Data */ = {
			isa = PBXGroup;
			children = (
				9F30094B29D8A2F900C5806B /* FruitData.swift */,
			);
			path = Data;
			sourceTree = "<group>";
		};
/* End PBXGroup section */

/* Begin PBXNativeTarget section */
		9F30092D29D85A1A00C5806B /* Fructus */ = {
			isa = PBXNativeTarget;
			buildConfigurationList = 9F30093C29D85A1B00C5806B /* Build configuration list for PBXNativeTarget "Fructus" */;
			buildPhases = (
				9F30092A29D85A1A00C5806B /* Sources */,
				9F30092B29D85A1A00C5806B /* Frameworks */,
				9F30092C29D85A1A00C5806B /* Resources */,
			);
			buildRules = (
			);
			dependencies = (
			);
			name = Fructus;
			productName = Fructus;
			productReference = 9F30092E29D85A1A00C5806B /* Fructus.app */;
			productType = "com.apple.product-type.application";
		};
/* End PBXNativeTarget section */

/* Begin PBXProject section */
		9F30092629D85A1A00C5806B /* Project object */ = {
			isa = PBXProject;
			attributes = {
				BuildIndependentTargetsInParallel = 1;
				LastSwiftUpdateCheck = 1430;
				LastUpgradeCheck = 1430;
				TargetAttributes = {
					9F30092D29D85A1A00C5806B = {
						CreatedOnToolsVersion = 14.3;
					};
				};
			};
			buildConfigurationList = 9F30092929D85A1A00C5806B /* Build configuration list for PBXProject "Fructus" */;
			compatibilityVersion = "Xcode 14.0";
			developmentRegion = en;
			hasScannedForEncodings = 0;
			knownRegions = (
				en,
				Base,
			);
			mainGroup = 9F30092529D85A1A00C5806B;
			productRefGroup = 9F30092F29D85A1A00C5806B /* Products */;
			projectDirPath = "";
			projectRoot = "";
			targets = (
				9F30092D29D85A1A00C5806B /* Fructus */,
			);
		};
/* End PBXProject section */

/* Begin PBXResourcesBuildPhase section */
		9F30092C29D85A1A00C5806B /* Resources */ = {
			isa = PBXResourcesBuildPhase;
			buildActionMask = 2147483647;
			files = (
				9F30093929D85A1B00C5806B /* Preview Assets.xcassets in Resources */,
				9F30093629D85A1B00C5806B /* Assets.xcassets in Resources */,
			);
			runOnlyForDeploymentPostprocessing = 0;
		};
/* End PBXResourcesBuildPhase section */

/* Begin PBXSourcesBuildPhase section */
		9F30092A29D85A1A00C5806B /* Sources */ = {
			isa = PBXSourcesBuildPhase;
			buildActionMask = 2147483647;
			files = (
				9F30094C29D8A2F900C5806B /* FruitData.swift in Sources */,
				9F97C28229D9F28D003DBBE8 /* SourceLinkView.swift in Sources */,
				9F30094229D861BD00C5806B /* FruitCardView.swift in Sources */,
				9F97C27C29D8CFFA003DBBE8 /* FruitRowView.swift in Sources */,
				9F97C28429D9F458003DBBE8 /* FruitNutrientsView.swift in Sources */,
				9F30094429D8671400C5806B /* StartButtonView.swift in Sources */,
				9F97C27E29D91A88003DBBE8 /* FruitDetailView.swift in Sources */,
				9F30094929D8A22F00C5806B /* FruitsModel.swift in Sources */,
				9F97C28029D9F06F003DBBE8 /* FruitHeaderView.swift in Sources */,
				9F30093429D85A1A00C5806B /* ContentView.swift in Sources */,
				9F97C28829D9FD40003DBBE8 /* SettingsLabelView.swift in Sources */,
				9F30094629D8699300C5806B /* OnBoardingView.swift in Sources */,
				9F30093229D85A1A00C5806B /* FructusApp.swift in Sources */,
				9F97C28629D9F915003DBBE8 /* SettingsView.swift in Sources */,
			);
			runOnlyForDeploymentPostprocessing = 0;
		};
/* End PBXSourcesBuildPhase section */

/* Begin XCBuildConfiguration section */
		9F30093A29D85A1B00C5806B /* Debug */ = {
			isa = XCBuildConfiguration;
			buildSettings = {
				ALWAYS_SEARCH_USER_PATHS = NO;
				CLANG_ANALYZER_NONNULL = YES;
				CLANG_ANALYZER_NUMBER_OBJECT_CONVERSION = YES_AGGRESSIVE;
				CLANG_CXX_LANGUAGE_STANDARD = "gnu++20";
				CLANG_ENABLE_MODULES = YES;
				CLANG_ENABLE_OBJC_ARC = YES;
				CLANG_ENABLE_OBJC_WEAK = YES;
				CLANG_WARN_BLOCK_CAPTURE_AUTORELEASING = YES;
				CLANG_WARN_BOOL_CONVERSION = YES;
				CLANG_WARN_COMMA = YES;
				CLANG_WARN_CONSTANT_CONVERSION = YES;
				CLANG_WARN_DEPRECATED_OBJC_IMPLEMENTATIONS = YES;
				CLANG_WARN_DIRECT_OBJC_ISA_USAGE = YES_ERROR;
				CLANG_WARN_DOCUMENTATION_COMMENTS = YES;
				CLANG_WARN_EMPTY_BODY = YES;
				CLANG_WARN_ENUM_CONVERSION = YES;
				CLANG_WARN_INFINITE_RECURSION = YES;
				CLANG_WARN_INT_CONVERSION = YES;
				CLANG_WARN_NON_LITERAL_NULL_CONVERSION = YES;
				CLANG_WARN_OBJC_IMPLICIT_RETAIN_SELF = YES;
				CLANG_WARN_OBJC_LITERAL_CONVERSION = YES;
				CLANG_WARN_OBJC_ROOT_CLASS = YES_ERROR;
				CLANG_WARN_QUOTED_INCLUDE_IN_FRAMEWORK_HEADER = YES;
				CLANG_WARN_RANGE_LOOP_ANALYSIS = YES;
				CLANG_WARN_STRICT_PROTOTYPES = YES;
				CLANG_WARN_SUSPICIOUS_MOVE = YES;
				CLANG_WARN_UNGUARDED_AVAILABILITY = YES_AGGRESSIVE;
				CLANG_WARN_UNREACHABLE_CODE = YES;
				CLANG_WARN__DUPLICATE_METHOD_MATCH = YES;
				COPY_PHASE_STRIP = NO;
				DEBUG_INFORMATION_FORMAT = dwarf;
				ENABLE_STRICT_OBJC_MSGSEND = YES;
				ENABLE_TESTABILITY = YES;
				GCC_C_LANGUAGE_STANDARD = gnu11;
				GCC_DYNAMIC_NO_PIC = NO;
				GCC_NO_COMMON_BLOCKS = YES;
				GCC_OPTIMIZATION_LEVEL = 0;
				GCC_PREPROCESSOR_DEFINITIONS = (
					"DEBUG=1",
					"$(inherited)",
				);
				GCC_WARN_64_TO_32_BIT_CONVERSION = YES;
				GCC_WARN_ABOUT_RETURN_TYPE = YES_ERROR;
				GCC_WARN_UNDECLARED_SELECTOR = YES;
				GCC_WARN_UNINITIALIZED_AUTOS = YES_AGGRESSIVE;
				GCC_WARN_UNUSED_FUNCTION = YES;
				GCC_WARN_UNUSED_VARIABLE = YES;
				IPHONEOS_DEPLOYMENT_TARGET = 16.4;
				MTL_ENABLE_DEBUG_INFO = INCLUDE_SOURCE;
				MTL_FAST_MATH = YES;
				ONLY_ACTIVE_ARCH = YES;
				SDKROOT = iphoneos;
				SWIFT_ACTIVE_COMPILATION_CONDITIONS = DEBUG;
				SWIFT_OPTIMIZATION_LEVEL = "-Onone";
			};
			name = Debug;
		};
		9F30093B29D85A1B00C5806B /* Release */ = {
			isa = XCBuildConfiguration;
			buildSettings = {
				ALWAYS_SEARCH_USER_PATHS = NO;
				CLANG_ANALYZER_NONNULL = YES;
				CLANG_ANALYZER_NUMBER_OBJECT_CONVERSION = YES_AGGRESSIVE;
				CLANG_CXX_LANGUAGE_STANDARD = "gnu++20";
				CLANG_ENABLE_MODULES = YES;
				CLANG_ENABLE_OBJC_ARC = YES;
				CLANG_ENABLE_OBJC_WEAK = YES;
				CLANG_WARN_BLOCK_CAPTURE_AUTORELEASING = YES;
				CLANG_WARN_BOOL_CONVERSION = YES;
				CLANG_WARN_COMMA = YES;
				CLANG_WARN_CONSTANT_CONVERSION = YES;
				CLANG_WARN_DEPRECATED_OBJC_IMPLEMENTATIONS = YES;
				CLANG_WARN_DIRECT_OBJC_ISA_USAGE = YES_ERROR;
				CLANG_WARN_DOCUMENTATION_COMMENTS = YES;
				CLANG_WARN_EMPTY_BODY = YES;
				CLANG_WARN_ENUM_CONVERSION = YES;
				CLANG_WARN_INFINITE_RECURSION = YES;
				CLANG_WARN_INT_CONVERSION = YES;
				CLANG_WARN_NON_LITERAL_NULL_CONVERSION = YES;
				CLANG_WARN_OBJC_IMPLICIT_RETAIN_SELF = YES;
				CLANG_WARN_OBJC_LITERAL_CONVERSION = YES;
				CLANG_WARN_OBJC_ROOT_CLASS = YES_ERROR;
				CLANG_WARN_QUOTED_INCLUDE_IN_FRAMEWORK_HEADER = YES;
				CLANG_WARN_RANGE_LOOP_ANALYSIS = YES;
				CLANG_WARN_STRICT_PROTOTYPES = YES;
				CLANG_WARN_SUSPICIOUS_MOVE = YES;
				CLANG_WARN_UNGUARDED_AVAILABILITY = YES_AGGRESSIVE;
				CLANG_WARN_UNREACHABLE_CODE = YES;
				CLANG_WARN__DUPLICATE_METHOD_MATCH = YES;
				COPY_PHASE_STRIP = NO;
				DEBUG_INFORMATION_FORMAT = "dwarf-with-dsym";
				ENABLE_NS_ASSERTIONS = NO;
				ENABLE_STRICT_OBJC_MSGSEND = YES;
				GCC_C_LANGUAGE_STANDARD = gnu11;
				GCC_NO_COMMON_BLOCKS = YES;
				GCC_WARN_64_TO_32_BIT_CONVERSION = YES;
				GCC_WARN_ABOUT_RETURN_TYPE = YES_ERROR;
				GCC_WARN_UNDECLARED_SELECTOR = YES;
				GCC_WARN_UNINITIALIZED_AUTOS = YES_AGGRESSIVE;
				GCC_WARN_UNUSED_FUNCTION = YES;
				GCC_WARN_UNUSED_VARIABLE = YES;
				IPHONEOS_DEPLOYMENT_TARGET = 16.4;
				MTL_ENABLE_DEBUG_INFO = NO;
				MTL_FAST_MATH = YES;
				SDKROOT = iphoneos;
				SWIFT_COMPILATION_MODE = wholemodule;
				SWIFT_OPTIMIZATION_LEVEL = "-O";
				VALIDATE_PRODUCT = YES;
			};
			name = Release;
		};
		9F30093D29D85A1B00C5806B /* Debug */ = {
			isa = XCBuildConfiguration;
			buildSettings = {
				ASSETCATALOG_COMPILER_APPICON_NAME = AppIcon;
				ASSETCATALOG_COMPILER_GLOBAL_ACCENT_COLOR_NAME = AccentColor;
				CODE_SIGN_STYLE = Automatic;
				CURRENT_PROJECT_VERSION = 1;
				DEVELOPMENT_ASSET_PATHS = "\"Fructus/Preview Content\"";
				DEVELOPMENT_TEAM = 8TUF73A8Z9;
				ENABLE_PREVIEWS = YES;
				GENERATE_INFOPLIST_FILE = YES;
				INFOPLIST_KEY_UIApplicationSceneManifest_Generation = YES;
				INFOPLIST_KEY_UIApplicationSupportsIndirectInputEvents = YES;
				INFOPLIST_KEY_UILaunchScreen_Generation = YES;
				INFOPLIST_KEY_UISupportedInterfaceOrientations = UIInterfaceOrientationPortrait;
				LD_RUNPATH_SEARCH_PATHS = (
					"$(inherited)",
					"@executable_path/Frameworks",
				);
				MARKETING_VERSION = 1.0;
				OTHER_LIBTOOLFLAGS = "-WLinkingC true -XCBuildForPre true -XCExpApple true";
				PRODUCT_BUNDLE_IDENTIFIER = com.tranceaerospace.Fructus;
				PRODUCT_NAME = "$(TARGET_NAME)";
				SWIFT_EMIT_LOC_STRINGS = YES;
				SWIFT_VERSION = 5.0;
				TARGETED_DEVICE_FAMILY = "1,2";
			};
			name = Debug;
		};
		9F30093E29D85A1B00C5806B /* Release */ = {
			isa = XCBuildConfiguration;
			buildSettings = {
				ASSETCATALOG_COMPILER_APPICON_NAME = AppIcon;
				ASSETCATALOG_COMPILER_GLOBAL_ACCENT_COLOR_NAME = AccentColor;
				CODE_SIGN_STYLE = Automatic;
				CURRENT_PROJECT_VERSION = 1;
				DEVELOPMENT_ASSET_PATHS = "\"Fructus/Preview Content\"";
				DEVELOPMENT_TEAM = 8TUF73A8Z9;
				ENABLE_PREVIEWS = YES;
				GENERATE_INFOPLIST_FILE = YES;
				INFOPLIST_KEY_UIApplicationSceneManifest_Generation = YES;
				INFOPLIST_KEY_UIApplicationSupportsIndirectInputEvents = YES;
				INFOPLIST_KEY_UILaunchScreen_Generation = YES;
				INFOPLIST_KEY_UISupportedInterfaceOrientations = UIInterfaceOrientationPortrait;
				LD_RUNPATH_SEARCH_PATHS = (
					"$(inherited)",
					"@executable_path/Frameworks",
				);
				MARKETING_VERSION = 1.0;
				OTHER_LIBTOOLFLAGS = "-WLinkingC true -XCBuildForPre true -XCExpApple true";
				PRODUCT_BUNDLE_IDENTIFIER = com.tranceaerospace.Fructus;
				PRODUCT_NAME = "$(TARGET_NAME)";
				SWIFT_EMIT_LOC_STRINGS = YES;
				SWIFT_VERSION = 5.0;
				TARGETED_DEVICE_FAMILY = "1,2";
			};
			name = Release;
		};
/* End XCBuildConfiguration section */

/* Begin XCConfigurationList section */
		9F30092929D85A1A00C5806B /* Build configuration list for PBXProject "Fructus" */ = {
			isa = XCConfigurationList;
			buildConfigurations = (
				9F30093A29D85A1B00C5806B /* Debug */,
				9F30093B29D85A1B00C5806B /* Release */,
			);
			defaultConfigurationIsVisible = 0;
			defaultConfigurationName = Release;
		};
		9F30093C29D85A1B00C5806B /* Build configuration list for PBXNativeTarget "Fructus" */ = {
			isa = XCConfigurationList;
			buildConfigurations = (
				9F30093D29D85A1B00C5806B /* Debug */,
				9F30093E29D85A1B00C5806B /* Release */,
			);
			defaultConfigurationIsVisible = 0;
			defaultConfigurationName = Release;
		};
/* End XCConfigurationList section */
	};
	rootObject = 9F30092629D85A1A00C5806B /* Project object */;
}
